
Microsoft Visual Studio Solution File, Format Version 11.00
# Visual Studio 2010
Project("{2150E333-8FDC-42A3-9474-1A3956D46DE8}") = "FSMs", "FSMs", "{41EDFE06-195B-4D59-A254-90DA3B21B865}"
EndProject
Project("{FAE04EC0-301F-11D3-BF4B-00C04F79EFBC}") = "Wiccan Rede", "Wiccan Rede\Wiccan Rede.csproj", "{065DFD09-052E-4E67-BC76-20FFDD037D33}"
EndProject
Project("{FAE04EC0-301F-11D3-BF4B-00C04F79EFBC}") = "Wiccan Rede Server", "Wiccan Rede Server\Wiccan Rede Server.csproj", "{C79B99C9-B795-4919-AB9A-074D09280582}"
EndProject
Project("{FAE04EC0-301F-11D3-BF4B-00C04F79EFBC}") = "Wiccan Rede Client", "Wiccan Rede Client\Wiccan Rede Client.csproj", "{21AEA133-83F0-422F-B800-511F84B2157B}"
EndProject
Project("{54435603-DBB4-11D2-8724-00A0C9A8B90C}") = "Wiccan Rede Installer", "Wiccan Rede Installer\Wiccan Rede Installer.vdproj", "{6729E9F8-B45C-48B7-9EAF-8E8373570655}"
EndProject
Project("{FAE04EC0-301F-11D3-BF4B-00C04F79EFBC}") = "SceneManager", "EffectsManager\SceneManager.csproj", "{D9F9F7B3-9F39-49C3-A26E-27CE33E7A8F2}"
EndProject
Project("{FAE04EC0-301F-11D3-BF4B-00C04F79EFBC}") = "DataLoader", "DataLoader\DataLoader.csproj", "{52CE7709-D34F-42E0-B55F-9B8A93C5DBC3}"
EndProject
Project("{FAE04EC0-301F-11D3-BF4B-00C04F79EFBC}") = "Input", "Input\Input.csproj", "{FBC105F8-6C36-43D3-8CB6-0EE3EB3CEB02}"
EndProject
Project("{FAE04EC0-301F-11D3-BF4B-00C04F79EFBC}") = "Logging", "Logging\Logging.csproj", "{40505245-84AE-4104-9E59-B309449D7887}"
EndProject
Project("{FAE04EC0-301F-11D3-BF4B-00C04F79EFBC}") = "2DGraphics", "2DGraphics\2DGraphics.csproj", "{A901766C-02B4-4CD9-A5D8-810DD6A28D92}"
EndProject
Project("{FAE04EC0-301F-11D3-BF4B-00C04F79EFBC}") = "AI", "AI\AI.csproj", "{08377C99-E9AA-4650-B4B4-A82DAC399861}"
EndProject
Project("{FAE04EC0-301F-11D3-BF4B-00C04F79EFBC}") = "BasicFSM", "BasicFSM\BasicFSM.csproj", "{5FD83D7B-3151-4068-833A-DD1DFE1EDBE2}"
EndProject
Project("{FAE04EC0-301F-11D3-BF4B-00C04F79EFBC}") = "GuardFSM", "GuardFSM\GuardFSM.csproj", "{5C1ED0EB-FFC3-45EB-B887-289DAF0230D3}"
EndProject
Project("{FAE04EC0-301F-11D3-BF4B-00C04F79EFBC}") = "VillagerFSM", "VillagerFSM\VillagerFSM.csproj", "{1955ADAF-528C-4169-A629-777B37E834FC}"
EndProject
Project("{FAE04EC0-301F-11D3-BF4B-00C04F79EFBC}") = "AiTest", "AiTest\AiTest.csproj", "{F5235C62-CECD-4F58-BDF9-645243A9CFD9}"
EndProject
Project("{FAE04EC0-301F-11D3-BF4B-00C04F79EFBC}") = "MultimediaManager", "SoundManager\MultimediaManager.csproj", "{5EBBB3A1-BE29-4266-B04F-32FA0D29E92F}"
EndProject
Global
	GlobalSection(SolutionConfigurationPlatforms) = preSolution
		Debug|Any CPU = Debug|Any CPU
		Release|Any CPU = Release|Any CPU
	EndGlobalSection
	GlobalSection(ProjectConfigurationPlatforms) = postSolution
		{065DFD09-052E-4E67-BC76-20FFDD037D33}.Debug|Any CPU.ActiveCfg = Debug|Any CPU
		{065DFD09-052E-4E67-BC76-20FFDD037D33}.Debug|Any CPU.Build.0 = Debug|Any CPU
		{065DFD09-052E-4E67-BC76-20FFDD037D33}.Release|Any CPU.ActiveCfg = Release|Any CPU
		{065DFD09-052E-4E67-BC76-20FFDD037D33}.Release|Any CPU.Build.0 = Release|Any CPU
		{C79B99C9-B795-4919-AB9A-074D09280582}.Debug|Any CPU.ActiveCfg = Debug|Any CPU
		{C79B99C9-B795-4919-AB9A-074D09280582}.Release|Any CPU.ActiveCfg = Release|Any CPU
		{21AEA133-83F0-422F-B800-511F84B2157B}.Debug|Any CPU.ActiveCfg = Debug|Any CPU
		{21AEA133-83F0-422F-B800-511F84B2157B}.Release|Any CPU.ActiveCfg = Release|Any CPU
		{6729E9F8-B45C-48B7-9EAF-8E8373570655}.Debug|Any CPU.ActiveCfg = Debug
		{6729E9F8-B45C-48B7-9EAF-8E8373570655}.Release|Any CPU.ActiveCfg = Release
		{D9F9F7B3-9F39-49C3-A26E-27CE33E7A8F2}.Debug|Any CPU.ActiveCfg = Debug|Any CPU
		{D9F9F7B3-9F39-49C3-A26E-27CE33E7A8F2}.Debug|Any CPU.Build.0 = Debug|Any CPU
		{D9F9F7B3-9F39-49C3-A26E-27CE33E7A8F2}.Release|Any CPU.ActiveCfg = Release|Any CPU
		{D9F9F7B3-9F39-49C3-A26E-27CE33E7A8F2}.Release|Any CPU.Build.0 = Release|Any CPU
		{52CE7709-D34F-42E0-B55F-9B8A93C5DBC3}.Debug|Any CPU.ActiveCfg = Debug|Any CPU
		{52CE7709-D34F-42E0-B55F-9B8A93C5DBC3}.Debug|Any CPU.Build.0 = Debug|Any CPU
		{52CE7709-D34F-42E0-B55F-9B8A93C5DBC3}.Release|Any CPU.ActiveCfg = Release|Any CPU
		{52CE7709-D34F-42E0-B55F-9B8A93C5DBC3}.Release|Any CPU.Build.0 = Release|Any CPU
		{FBC105F8-6C36-43D3-8CB6-0EE3EB3CEB02}.Debug|Any CPU.ActiveCfg = Debug|Any CPU
		{FBC105F8-6C36-43D3-8CB6-0EE3EB3CEB02}.Debug|Any CPU.Build.0 = Debug|Any CPU
		{FBC105F8-6C36-43D3-8CB6-0EE3EB3CEB02}.Release|Any CPU.ActiveCfg = Release|Any CPU
		{FBC105F8-6C36-43D3-8CB6-0EE3EB3CEB02}.Release|Any CPU.Build.0 = Release|Any CPU
		{40505245-84AE-4104-9E59-B309449D7887}.Debug|Any CPU.ActiveCfg = Debug|Any CPU
		{40505245-84AE-4104-9E59-B309449D7887}.Debug|Any CPU.Build.0 = Debug|Any CPU
		{40505245-84AE-4104-9E59-B309449D7887}.Release|Any CPU.ActiveCfg = Release|Any CPU
		{40505245-84AE-4104-9E59-B309449D7887}.Release|Any CPU.Build.0 = Release|Any CPU
		{A901766C-02B4-4CD9-A5D8-810DD6A28D92}.Debug|Any CPU.ActiveCfg = Debug|Any CPU
		{A901766C-02B4-4CD9-A5D8-810DD6A28D92}.Debug|Any CPU.Build.0 = Debug|Any CPU
		{A901766C-02B4-4CD9-A5D8-810DD6A28D92}.Release|Any CPU.ActiveCfg = Release|Any CPU
		{A901766C-02B4-4CD9-A5D8-810DD6A28D92}.Release|Any CPU.Build.0 = Release|Any CPU
		{08377C99-E9AA-4650-B4B4-A82DAC399861}.Debug|Any CPU.ActiveCfg = Debug|Any CPU
		{08377C99-E9AA-4650-B4B4-A82DAC399861}.Debug|Any CPU.Build.0 = Debug|Any CPU
		{08377C99-E9AA-4650-B4B4-A82DAC399861}.Release|Any CPU.ActiveCfg = Release|Any CPU
		{08377C99-E9AA-4650-B4B4-A82DAC399861}.Release|Any CPU.Build.0 = Release|Any CPU
		{5FD83D7B-3151-4068-833A-DD1DFE1EDBE2}.Debug|Any CPU.ActiveCfg = Debug|Any CPU
		{5FD83D7B-3151-4068-833A-DD1DFE1EDBE2}.Debug|Any CPU.Build.0 = Debug|Any CPU
		{5FD83D7B-3151-4068-833A-DD1DFE1EDBE2}.Release|Any CPU.ActiveCfg = Release|Any CPU
		{5FD83D7B-3151-4068-833A-DD1DFE1EDBE2}.Release|Any CPU.Build.0 = Release|Any CPU
		{5C1ED0EB-FFC3-45EB-B887-289DAF0230D3}.Debug|Any CPU.ActiveCfg = Debug|Any CPU
		{5C1ED0EB-FFC3-45EB-B887-289DAF0230D3}.Debug|Any CPU.Build.0 = Debug|Any CPU
		{5C1ED0EB-FFC3-45EB-B887-289DAF0230D3}.Release|Any CPU.ActiveCfg = Release|Any CPU
		{5C1ED0EB-FFC3-45EB-B887-289DAF0230D3}.Release|Any CPU.Build.0 = Release|Any CPU
		{1955ADAF-528C-4169-A629-777B37E834FC}.Debug|Any CPU.ActiveCfg = Debug|Any CPU
		{1955ADAF-528C-4169-A629-777B37E834FC}.Debug|Any CPU.Build.0 = Debug|Any CPU
		{1955ADAF-528C-4169-A629-777B37E834FC}.Release|Any CPU.ActiveCfg = Release|Any CPU
		{1955ADAF-528C-4169-A629-777B37E834FC}.Release|Any CPU.Build.0 = Release|Any CPU
		{F5235C62-CECD-4F58-BDF9-645243A9CFD9}.Debug|Any CPU.ActiveCfg = Debug|Any CPU
		{F5235C62-CECD-4F58-BDF9-645243A9CFD9}.Debug|Any CPU.Build.0 = Debug|Any CPU
		{F5235C62-CECD-4F58-BDF9-645243A9CFD9}.Release|Any CPU.ActiveCfg = Release|Any CPU
		{F5235C62-CECD-4F58-BDF9-645243A9CFD9}.Release|Any CPU.Build.0 = Release|Any CPU
		{5EBBB3A1-BE29-4266-B04F-32FA0D29E92F}.Debug|Any CPU.ActiveCfg = Debug|Any CPU
		{5EBBB3A1-BE29-4266-B04F-32FA0D29E92F}.Debug|Any CPU.Build.0 = Debug|Any CPU
		{5EBBB3A1-BE29-4266-B04F-32FA0D29E92F}.Release|Any CPU.ActiveCfg = Release|Any CPU
		{5EBBB3A1-BE29-4266-B04F-32FA0D29E92F}.Release|Any CPU.Build.0 = Release|Any CPU
	EndGlobalSection
	GlobalSection(SolutionProperties) = preSolution
		HideSolutionNode = FALSE
	EndGlobalSection
	GlobalSection(NestedProjects) = preSolution
		{5FD83D7B-3151-4068-833A-DD1DFE1EDBE2} = {41EDFE06-195B-4D59-A254-90DA3B21B865}
		{5C1ED0EB-FFC3-45EB-B887-289DAF0230D3} = {41EDFE06-195B-4D59-A254-90DA3B21B865}
		{1955ADAF-528C-4169-A629-777B37E834FC} = {41EDFE06-195B-4D59-A254-90DA3B21B865}
	EndGlobalSection
EndGlobal
